{
  "metadata": {
    "timestamp": "2026-08-07T13:31:16Z",
    "sha256-sum": "bb6aa8d3e86aa9ab133777d55bc02be1f2b5c5e39dca706ed200a43f861f4881",
    "source": "pm-ok.yaml"
  },
  "packages": {
    "jq": {
      "name": "jq",
      "arch": [
        "linux/amd64"
      ],
      "default": true,
      "description": "A lightweight and flexible command-line JSON processor",
      "license": "MIT",
      "originalRepo": "https://github.com/jqlang/jq.git",
      "repo": "jqlang/jq",
      "type": "runtime",
      "version": "1.8.1",
      "digest": "sha256:bfc59680bd42ccccf1d88b8ee5273cdc0330cbd6814738c1367caff0fbb26303"
    }
  }
}
