github.com/secure-systems-lab/go-securesystemslib v0.10.0 h1:l+H5ErcW0PAehBNrBxoGv1jjNpGYdZ9RcheFkB2WI14=
github.com/secure-systems-lab/go-securesystemslib v0.10.0/go.mod h1:MRKONWmRoFzPNQ9USRF9i1mc7MvAVvF1LlW8X5VWDvk=
golang.org/x/crypto v0.46.0 h1:cKRW/pmt1pKAfetfu+RCEvjvZkA9RimPbh7bhFjGVBU=
golang.org/x/crypto v0.46.0/go.mod h1:Evb/oLKmMraqjZ2iQTwDwvCtJkczlDuTmdJXoZVzqU0=
