{
  "metadata": {
    "timestamp": "2026-07-15T08:13:57Z",
    "sha256-sum": "2fbb84f1613256f6f70f0e59965ecd8835ab329411fd9a0d053a7c8378fa03f7",
    "source": "pm.yaml"
  },
  "packages": {
    "jq": {
      "name": "jq",
      "arch": [
        "linux/amd64"
      ],
      "default": true,
      "description": "A lightweight and flexible command-line JSON processor",
      "license": "MIT",
      "originalRepo": "https://jqlang.github.io/jq/",
      "repo": "jqlang/jq",
      "type": "runtime",
      "version": "1.8.1",
      "digest": "sha256:c8336383b9a8de6393af6254acd305823a3db4dbb091a7ea865bbbf95e8cc899"
    },
    "yq": {
      "name": "yq",
      "arch": [
        "linux/amd64"
      ],
      "default": true,
      "description": "A lightweight and portable command-line YAML, JSON and XML processor.",
      "license": "MIT",
      "originalRepo": "https://github.com/mikefarah/yq",
      "repo": "mikefarah/yq",
      "type": "runtime",
      "version": "4.48.1",
      "digest": "sha256:2ce3f5219fb99420eb3396da2d6d6f13e75e5f5ed0abcf038db17c2920ec426c"
    }
  }
}
